{
  "name": "live-query",
  "version": "1.0.0",
  "lockfileVersion": 2,
  "requires": true,
  "packages": {
    "": {
      "version": "1.0.0",
      "license": "Apache-2.0",
      "dependencies": {
        "rxjs": "^6.6.6"
      }
    },
    "node_modules/rxjs": {
      "version": "6.6.6",
      "resolved": "https://registry.npmjs.org/rxjs/-/rxjs-6.6.6.tgz",
      "integrity": "sha512-/oTwee4N4iWzAMAL9xdGKjkEHmIwupR3oXbQjCKywF1BeFohswF3vZdogbmEF6pZkOsXTzWkrZszrWpQTByYVg==",
      "dependencies": {
        "tslib": "^1.9.0"
      },
      "engines": {
        "npm": ">=2.0.0"
      }
    },
    "node_modules/tslib": {
      "version": "1.14.1",
      "resolved": "https://registry.npmjs.org/tslib/-/tslib-1.14.1.tgz",
      "integrity": "sha512-Xni35NKzjgMrwevysHTCArtLDpPvye8zV/0E4EyYn43P7/7qvQwPh9BGkHewbMulVntbigmcT7rdX3BNo9wRJg=="
    }
  },
  "dependencies": {
    "rxjs": {
      "version": "6.6.6",
      "resolved": "https://registry.npmjs.org/rxjs/-/rxjs-6.6.6.tgz",
      "integrity": "sha512-/oTwee4N4iWzAMAL9xdGKjkEHmIwupR3oXbQjCKywF1BeFohswF3vZdogbmEF6pZkOsXTzWkrZszrWpQTByYVg==",
      "requires": {
        "tslib": "^1.9.0"
      }
    },
    "tslib": {
      "version": "1.14.1",
      "resolved": "https://registry.npmjs.org/tslib/-/tslib-1.14.1.tgz",
      "integrity": "sha512-Xni35NKzjgMrwevysHTCArtLDpPvye8zV/0E4EyYn43P7/7qvQwPh9BGkHewbMulVntbigmcT7rdX3BNo9wRJg=="
    }
  }
}
