{
  "name": "dexie-export-import",
  "version": "1.0.0-alpha.1",
  "lockfileVersion": 1,
  "requires": true,
  "dependencies": {
    "@types/estree": {
      "version": "0.0.39",
      "resolved": "https://registry.npmjs.org/@types/estree/-/estree-0.0.39.tgz",
      "integrity": "sha512-EYNwp3bU+98cpU4lAWYYL7Zz+2gryWH1qbdDTidVd6hkiR6weksdbMadyXKXNPEkQFhXM+hVO9ZygomHXp+AIw==",
      "dev": true
    },
    "@types/node": {
      "version": "10.12.0",
      "resolved": "https://registry.npmjs.org/@types/node/-/node-10.12.0.tgz",
      "integrity": "sha512-3TUHC3jsBAB7qVRGxT6lWyYo2v96BMmD2PTcl47H25Lu7UXtFH/2qqmKiVrnel6Ne//0TFYf6uvNX+HW2FRkLQ==",
      "dev": true
    },
    "arr-diff": {
      "version": "2.0.0",
      "resolved": "https://registry.npmjs.org/arr-diff/-/arr-diff-2.0.0.tgz",
      "integrity": "sha1-jzuCf5Vai9ZpaX5KQlasPOrjVs8=",
      "dev": true,
      "requires": {
        "arr-flatten": "^1.0.1"
      }
    },
    "arr-flatten": {
      "version": "1.1.0",
      "resolved": "https://registry.npmjs.org/arr-flatten/-/arr-flatten-1.1.0.tgz",
      "integrity": "sha512-L3hKV5R/p5o81R7O02IGnwpDmkp6E982XhtbuwSe3O4qOtMMMtodicASA1Cny2U+aCXcNpml+m4dPsvsJ3jatg==",
      "dev": true
    },
    "array-unique": {
      "version": "0.2.1",
      "resolved": "https://registry.npmjs.org/array-unique/-/array-unique-0.2.1.tgz",
      "integrity": "sha1-odl8yvy8JiXMcPrc6zalDFiwGlM=",
      "dev": true
    },
    "base64-arraybuffer-es6": {
      "version": "0.3.1",
      "resolved": "https://registry.npmjs.org/base64-arraybuffer-es6/-/base64-arraybuffer-es6-0.3.1.tgz",
      "integrity": "sha512-TrhBheudYaff9adiTAqjSScjvtmClQ4vF9l4cqkPNkVsA11m4/NRdH4LkZ/tAMmpzzwfI20BXnJ/PTtafECCNA==",
      "dev": true
    },
    "braces": {
      "version": "1.8.5",
      "resolved": "https://registry.npmjs.org/braces/-/braces-1.8.5.tgz",
      "integrity": "sha1-uneWLhLf+WnWt2cR6RS3N4V79qc=",
      "dev": true,
      "requires": {
        "expand-range": "^1.8.1",
        "preserve": "^0.2.0",
        "repeat-element": "^1.1.2"
      }
    },
    "builtin-modules": {
      "version": "2.0.0",
      "resolved": "https://registry.npmjs.org/builtin-modules/-/builtin-modules-2.0.0.tgz",
      "integrity": "sha512-3U5kUA5VPsRUA3nofm/BXX7GVHKfxz0hOBAPxXrIvHzlDRkQVqEn6yi8QJegxl4LzOHLdvb7XF5dVawa/VVYBg==",
      "dev": true
    },
    "clarinet": {
      "version": "0.12.1",
      "resolved": "https://registry.npmjs.org/clarinet/-/clarinet-0.12.1.tgz",
      "integrity": "sha1-Pi4mEsJXPRcrGxcbkvLc7RXJilo=",
      "dev": true
    },
    "dexie": {
      "version": "3.0.0-alpha.5",
      "resolved": "https://registry.npmjs.org/dexie/-/dexie-3.0.0-alpha.5.tgz",
      "integrity": "sha512-bjMWhBaW0g5LTGWnTJ3WEIC4CCPKL8HXQaG6qX5oLsT3ZdKpxMG6Oyl860jQ5qj4IJuLpXaMYyu8N4d0X/4FpQ=="
    },
    "estree-walker": {
      "version": "0.5.2",
      "resolved": "https://registry.npmjs.org/estree-walker/-/estree-walker-0.5.2.tgz",
      "integrity": "sha512-XpCnW/AE10ws/kDAs37cngSkvgIR8aN3G0MS85m7dUpuK2EREo9VJ00uvw6Dg/hXEpfsE1I1TvJOJr+Z+TL+ig==",
      "dev": true
    },
    "expand-brackets": {
      "version": "0.1.5",
      "resolved": "https://registry.npmjs.org/expand-brackets/-/expand-brackets-0.1.5.tgz",
      "integrity": "sha1-3wcoTjQqgHzXM6xa9yQR5YHRF3s=",
      "dev": true,
      "requires": {
        "is-posix-bracket": "^0.1.0"
      }
    },
    "expand-range": {
      "version": "1.8.2",
      "resolved": "https://registry.npmjs.org/expand-range/-/expand-range-1.8.2.tgz",
      "integrity": "sha1-opnv/TNf4nIeuujiV+x5ZE/IUzc=",
      "dev": true,
      "requires": {
        "fill-range": "^2.1.0"
      }
    },
    "extglob": {
      "version": "0.3.2",
      "resolved": "https://registry.npmjs.org/extglob/-/extglob-0.3.2.tgz",
      "integrity": "sha1-Lhj/PS9JqydlzskCPwEdqo2DSaE=",
      "dev": true,
      "requires": {
        "is-extglob": "^1.0.0"
      }
    },
    "filename-regex": {
      "version": "2.0.1",
      "resolved": "https://registry.npmjs.org/filename-regex/-/filename-regex-2.0.1.tgz",
      "integrity": "sha1-wcS5vuPglyXdsQa3XB4wH+LxiyY=",
      "dev": true
    },
    "fill-range": {
      "version": "2.2.4",
      "resolved": "https://registry.npmjs.org/fill-range/-/fill-range-2.2.4.tgz",
      "integrity": "sha512-cnrcCbj01+j2gTG921VZPnHbjmdAf8oQV/iGeV2kZxGSyfYjjTyY79ErsK1WJWMpw6DaApEX72binqJE+/d+5Q==",
      "dev": true,
      "requires": {
        "is-number": "^2.1.0",
        "isobject": "^2.0.0",
        "randomatic": "^3.0.0",
        "repeat-element": "^1.1.2",
        "repeat-string": "^1.5.2"
      }
    },
    "for-in": {
      "version": "1.0.2",
      "resolved": "https://registry.npmjs.org/for-in/-/for-in-1.0.2.tgz",
      "integrity": "sha1-gQaNKVqBQuwKxybG4iAMMPttXoA=",
      "dev": true
    },
    "for-own": {
      "version": "0.1.5",
      "resolved": "https://registry.npmjs.org/for-own/-/for-own-0.1.5.tgz",
      "integrity": "sha1-UmXGgaTylNq78XyVCbZ2OqhFEM4=",
      "dev": true,
      "requires": {
        "for-in": "^1.0.1"
      }
    },
    "glob-base": {
      "version": "0.3.0",
      "resolved": "https://registry.npmjs.org/glob-base/-/glob-base-0.3.0.tgz",
      "integrity": "sha1-27Fk9iIbHAscz4Kuoyi0l98Oo8Q=",
      "dev": true,
      "requires": {
        "glob-parent": "^2.0.0",
        "is-glob": "^2.0.0"
      }
    },
    "glob-parent": {
      "version": "2.0.0",
      "resolved": "https://registry.npmjs.org/glob-parent/-/glob-parent-2.0.0.tgz",
      "integrity": "sha1-gTg9ctsFT8zPUzbaqQLxgvbtuyg=",
      "dev": true,
      "requires": {
        "is-glob": "^2.0.0"
      }
    },
    "is-buffer": {
      "version": "1.1.6",
      "resolved": "https://registry.npmjs.org/is-buffer/-/is-buffer-1.1.6.tgz",
      "integrity": "sha512-NcdALwpXkTm5Zvvbk7owOUSvVvBKDgKP5/ewfXEznmQFfs4ZRmanOeKBTjRVjka3QFoN6XJ+9F3USqfHqTaU5w==",
      "dev": true
    },
    "is-dotfile": {
      "version": "1.0.3",
      "resolved": "https://registry.npmjs.org/is-dotfile/-/is-dotfile-1.0.3.tgz",
      "integrity": "sha1-pqLzL/0t+wT1yiXs0Pa4PPeYoeE=",
      "dev": true
    },
    "is-equal-shallow": {
      "version": "0.1.3",
      "resolved": "https://registry.npmjs.org/is-equal-shallow/-/is-equal-shallow-0.1.3.tgz",
      "integrity": "sha1-IjgJj8Ih3gvPpdnqxMRdY4qhxTQ=",
      "dev": true,
      "requires": {
        "is-primitive": "^2.0.0"
      }
    },
    "is-extendable": {
      "version": "0.1.1",
      "resolved": "https://registry.npmjs.org/is-extendable/-/is-extendable-0.1.1.tgz",
      "integrity": "sha1-YrEQ4omkcUGOPsNqYX1HLjAd/Ik=",
      "dev": true
    },
    "is-extglob": {
      "version": "1.0.0",
      "resolved": "https://registry.npmjs.org/is-extglob/-/is-extglob-1.0.0.tgz",
      "integrity": "sha1-rEaBd8SUNAWgkvyPKXYMb/xiBsA=",
      "dev": true
    },
    "is-glob": {
      "version": "2.0.1",
      "resolved": "https://registry.npmjs.org/is-glob/-/is-glob-2.0.1.tgz",
      "integrity": "sha1-0Jb5JqPe1WAPP9/ZEZjLCIjC2GM=",
      "dev": true,
      "requires": {
        "is-extglob": "^1.0.0"
      }
    },
    "is-module": {
      "version": "1.0.0",
      "resolved": "https://registry.npmjs.org/is-module/-/is-module-1.0.0.tgz",
      "integrity": "sha1-Mlj7afeMFNW4FdZkM2tM/7ZEFZE=",
      "dev": true
    },
    "is-number": {
      "version": "2.1.0",
      "resolved": "https://registry.npmjs.org/is-number/-/is-number-2.1.0.tgz",
      "integrity": "sha1-Afy7s5NGOlSPL0ZszhbezknbkI8=",
      "dev": true,
      "requires": {
        "kind-of": "^3.0.2"
      }
    },
    "is-posix-bracket": {
      "version": "0.1.1",
      "resolved": "https://registry.npmjs.org/is-posix-bracket/-/is-posix-bracket-0.1.1.tgz",
      "integrity": "sha1-MzTceXdDaOkvAW5vvAqI9c1ua8Q=",
      "dev": true
    },
    "is-primitive": {
      "version": "2.0.0",
      "resolved": "https://registry.npmjs.org/is-primitive/-/is-primitive-2.0.0.tgz",
      "integrity": "sha1-IHurkWOEmcB7Kt8kCkGochADRXU=",
      "dev": true
    },
    "isarray": {
      "version": "1.0.0",
      "resolved": "https://registry.npmjs.org/isarray/-/isarray-1.0.0.tgz",
      "integrity": "sha1-u5NdSFgsuhaMBoNJV6VKPgcSTxE=",
      "dev": true
    },
    "isobject": {
      "version": "2.1.0",
      "resolved": "https://registry.npmjs.org/isobject/-/isobject-2.1.0.tgz",
      "integrity": "sha1-8GVWEJaj8dou9GJy+BXIQNh+DIk=",
      "dev": true,
      "requires": {
        "isarray": "1.0.0"
      }
    },
    "just-build": {
      "version": "0.9.16",
      "resolved": "https://registry.npmjs.org/just-build/-/just-build-0.9.16.tgz",
      "integrity": "sha1-ja/EFPB3IF0WdXowXsVrocMO0wE=",
      "dev": true
    },
    "kind-of": {
      "version": "3.2.2",
      "resolved": "https://registry.npmjs.org/kind-of/-/kind-of-3.2.2.tgz",
      "integrity": "sha1-MeohpzS6ubuw8yRm2JOupR5KPGQ=",
      "dev": true,
      "requires": {
        "is-buffer": "^1.1.5"
      }
    },
    "lodash.sortby": {
      "version": "4.7.0",
      "resolved": "https://registry.npmjs.org/lodash.sortby/-/lodash.sortby-4.7.0.tgz",
      "integrity": "sha1-7dFMgk4sycHgsKG0K7UhBRakJDg=",
      "dev": true
    },
    "magic-string": {
      "version": "0.25.1",
      "resolved": "https://registry.npmjs.org/magic-string/-/magic-string-0.25.1.tgz",
      "integrity": "sha512-sCuTz6pYom8Rlt4ISPFn6wuFodbKMIHUMv4Qko9P17dpxb7s52KJTmRuZZqHdGmLCK9AOcDare039nRIcfdkEg==",
      "dev": true,
      "requires": {
        "sourcemap-codec": "^1.4.1"
      }
    },
    "math-random": {
      "version": "1.0.1",
      "resolved": "https://registry.npmjs.org/math-random/-/math-random-1.0.1.tgz",
      "integrity": "sha1-izqsWIuKZuSXXjzepn97sylgH6w=",
      "dev": true
    },
    "micromatch": {
      "version": "2.3.11",
      "resolved": "https://registry.npmjs.org/micromatch/-/micromatch-2.3.11.tgz",
      "integrity": "sha1-hmd8l9FyCzY0MdBNDRUpO9OMFWU=",
      "dev": true,
      "requires": {
        "arr-diff": "^2.0.0",
        "array-unique": "^0.2.1",
        "braces": "^1.8.2",
        "expand-brackets": "^0.1.4",
        "extglob": "^0.3.1",
        "filename-regex": "^2.0.0",
        "is-extglob": "^1.0.0",
        "is-glob": "^2.0.1",
        "kind-of": "^3.0.2",
        "normalize-path": "^2.0.1",
        "object.omit": "^2.0.0",
        "parse-glob": "^3.0.4",
        "regex-cache": "^0.4.2"
      }
    },
    "normalize-path": {
      "version": "2.1.1",
      "resolved": "https://registry.npmjs.org/normalize-path/-/normalize-path-2.1.1.tgz",
      "integrity": "sha1-GrKLVW4Zg2Oowab35vogE3/mrtk=",
      "dev": true,
      "requires": {
        "remove-trailing-separator": "^1.0.1"
      }
    },
    "object.omit": {
      "version": "2.0.1",
      "resolved": "https://registry.npmjs.org/object.omit/-/object.omit-2.0.1.tgz",
      "integrity": "sha1-Gpx0SCnznbuFjHbKNXmuKlTr0fo=",
      "dev": true,
      "requires": {
        "for-own": "^0.1.4",
        "is-extendable": "^0.1.1"
      }
    },
    "parse-glob": {
      "version": "3.0.4",
      "resolved": "https://registry.npmjs.org/parse-glob/-/parse-glob-3.0.4.tgz",
      "integrity": "sha1-ssN2z7EfNVE7rdFz7wu246OIORw=",
      "dev": true,
      "requires": {
        "glob-base": "^0.3.0",
        "is-dotfile": "^1.0.0",
        "is-extglob": "^1.0.0",
        "is-glob": "^2.0.0"
      }
    },
    "path-parse": {
      "version": "1.0.6",
      "resolved": "https://registry.npmjs.org/path-parse/-/path-parse-1.0.6.tgz",
      "integrity": "sha512-GSmOT2EbHrINBf9SR7CDELwlJ8AENk3Qn7OikK4nFYAu3Ote2+JYNVvkpAEQm3/TLNEJFD/xZJjzyxg3KBWOzw==",
      "dev": true
    },
    "preserve": {
      "version": "0.2.0",
      "resolved": "https://registry.npmjs.org/preserve/-/preserve-0.2.0.tgz",
      "integrity": "sha1-gV7R9uvGWSb4ZbMQwHE7yzMVzks=",
      "dev": true
    },
    "punycode": {
      "version": "2.1.1",
      "resolved": "https://registry.npmjs.org/punycode/-/punycode-2.1.1.tgz",
      "integrity": "sha512-XRsRjdf+j5ml+y/6GKHPZbrF/8p2Yga0JPtdqTIY2Xe5ohJPD9saDJJLPvp9+NSBprVvevdXZybnj2cv8OEd0A==",
      "dev": true
    },
    "randomatic": {
      "version": "3.1.1",
      "resolved": "https://registry.npmjs.org/randomatic/-/randomatic-3.1.1.tgz",
      "integrity": "sha512-TuDE5KxZ0J461RVjrJZCJc+J+zCkTb1MbH9AQUq68sMhOMcy9jLcb3BrZKgp9q9Ncltdg4QVqWrH02W2EFFVYw==",
      "dev": true,
      "requires": {
        "is-number": "^4.0.0",
        "kind-of": "^6.0.0",
        "math-random": "^1.0.1"
      },
      "dependencies": {
        "is-number": {
          "version": "4.0.0",
          "resolved": "https://registry.npmjs.org/is-number/-/is-number-4.0.0.tgz",
          "integrity": "sha512-rSklcAIlf1OmFdyAqbnWTLVelsQ58uvZ66S/ZyawjWqIviTWCjg2PzVGw8WUA+nNuPTqb4wgA+NszrJ+08LlgQ==",
          "dev": true
        },
        "kind-of": {
          "version": "6.0.2",
          "resolved": "https://registry.npmjs.org/kind-of/-/kind-of-6.0.2.tgz",
          "integrity": "sha512-s5kLOcnH0XqDO+FvuaLX8DDjZ18CGFk7VygH40QoKPUQhW4e2rvM0rwUq0t8IQDOwYSeLK01U90OjzBTme2QqA==",
          "dev": true
        }
      }
    },
    "regex-cache": {
      "version": "0.4.4",
      "resolved": "https://registry.npmjs.org/regex-cache/-/regex-cache-0.4.4.tgz",
      "integrity": "sha512-nVIZwtCjkC9YgvWkpM55B5rBhBYRZhAaJbgcFYXXsHnbZ9UZI9nnVWYZpBlCqv9ho2eZryPnWrZGsOdPwVWXWQ==",
      "dev": true,
      "requires": {
        "is-equal-shallow": "^0.1.3"
      }
    },
    "remove-trailing-separator": {
      "version": "1.1.0",
      "resolved": "https://registry.npmjs.org/remove-trailing-separator/-/remove-trailing-separator-1.1.0.tgz",
      "integrity": "sha1-wkvOKig62tW8P1jg1IJJuSN52O8=",
      "dev": true
    },
    "repeat-element": {
      "version": "1.1.3",
      "resolved": "https://registry.npmjs.org/repeat-element/-/repeat-element-1.1.3.tgz",
      "integrity": "sha512-ahGq0ZnV5m5XtZLMb+vP76kcAM5nkLqk0lpqAuojSKGgQtn4eRi4ZZGm2olo2zKFH+sMsWaqOCW1dqAnOru72g==",
      "dev": true
    },
    "repeat-string": {
      "version": "1.6.1",
      "resolved": "https://registry.npmjs.org/repeat-string/-/repeat-string-1.6.1.tgz",
      "integrity": "sha1-jcrkcOHIirwtYA//Sndihtp15jc=",
      "dev": true
    },
    "resolve": {
      "version": "1.8.1",
      "resolved": "https://registry.npmjs.org/resolve/-/resolve-1.8.1.tgz",
      "integrity": "sha512-AicPrAC7Qu1JxPCZ9ZgCZlY35QgFnNqc+0LtbRNxnVw4TXvjQ72wnuL9JQcEBgXkI9JM8MsT9kaQoHcpCRJOYA==",
      "dev": true,
      "requires": {
        "path-parse": "^1.0.5"
      }
    },
    "rollup": {
      "version": "0.66.6",
      "resolved": "https://registry.npmjs.org/rollup/-/rollup-0.66.6.tgz",
      "integrity": "sha512-J7/SWanrcb83vfIHqa8+aVVGzy457GcjA6GVZEnD0x2u4OnOd0Q1pCrEoNe8yLwM6z6LZP02zBT2uW0yh5TqOw==",
      "dev": true,
      "requires": {
        "@types/estree": "0.0.39",
        "@types/node": "*"
      }
    },
    "rollup-plugin-commonjs": {
      "version": "9.2.0",
      "resolved": "https://registry.npmjs.org/rollup-plugin-commonjs/-/rollup-plugin-commonjs-9.2.0.tgz",
      "integrity": "sha512-0RM5U4Vd6iHjL6rLvr3lKBwnPsaVml+qxOGaaNUWN1lSq6S33KhITOfHmvxV3z2vy9Mk4t0g4rNlVaJJsNQPWA==",
      "dev": true,
      "requires": {
        "estree-walker": "^0.5.2",
        "magic-string": "^0.25.1",
        "resolve": "^1.8.1",
        "rollup-pluginutils": "^2.3.3"
      }
    },
    "rollup-plugin-node-resolve": {
      "version": "3.4.0",
      "resolved": "https://registry.npmjs.org/rollup-plugin-node-resolve/-/rollup-plugin-node-resolve-3.4.0.tgz",
      "integrity": "sha512-PJcd85dxfSBWih84ozRtBkB731OjXk0KnzN0oGp7WOWcarAFkVa71cV5hTJg2qpVsV2U8EUwrzHP3tvy9vS3qg==",
      "dev": true,
      "requires": {
        "builtin-modules": "^2.0.0",
        "is-module": "^1.0.0",
        "resolve": "^1.1.6"
      }
    },
    "rollup-pluginutils": {
      "version": "2.3.3",
      "resolved": "https://registry.npmjs.org/rollup-pluginutils/-/rollup-pluginutils-2.3.3.tgz",
      "integrity": "sha512-2XZwja7b6P5q4RZ5FhyX1+f46xi1Z3qBKigLRZ6VTZjwbN0K1IFGMlwm06Uu0Emcre2Z63l77nq/pzn+KxIEoA==",
      "dev": true,
      "requires": {
        "estree-walker": "^0.5.2",
        "micromatch": "^2.3.11"
      }
    },
    "sourcemap-codec": {
      "version": "1.4.3",
      "resolved": "https://registry.npmjs.org/sourcemap-codec/-/sourcemap-codec-1.4.3.tgz",
      "integrity": "sha512-vFrY/x/NdsD7Yc8mpTJXuao9S8lq08Z/kOITHz6b7YbfI9xL8Spe5EvSQUHOI7SbpY8bRPr0U3kKSsPuqEGSfA==",
      "dev": true
    },
    "tr46": {
      "version": "1.0.1",
      "resolved": "https://registry.npmjs.org/tr46/-/tr46-1.0.1.tgz",
      "integrity": "sha1-qLE/1r/SSJUZZ0zN5VujaTtwbQk=",
      "dev": true,
      "requires": {
        "punycode": "^2.1.0"
      }
    },
    "typescript": {
      "version": "3.1.3",
      "resolved": "https://registry.npmjs.org/typescript/-/typescript-3.1.3.tgz",
      "integrity": "sha512-+81MUSyX+BaSo+u2RbozuQk/UWx6hfG0a5gHu4ANEM4sU96XbuIyAB+rWBW1u70c6a5QuZfuYICn3s2UjuHUpA==",
      "dev": true
    },
    "typeson": {
      "version": "5.8.2",
      "resolved": "https://registry.npmjs.org/typeson/-/typeson-5.8.2.tgz",
      "integrity": "sha512-AFuyvVdHdkGlVIalOrSFjylmeLeWFtKu77uDjEilP4B9+Jk0DCM1m1A4Q2s3AwROhgiFFVPI8oARaD9S61lOkg==",
      "dev": true
    },
    "typeson-registry": {
      "version": "1.0.0-alpha.21",
      "resolved": "https://registry.npmjs.org/typeson-registry/-/typeson-registry-1.0.0-alpha.21.tgz",
      "integrity": "sha512-D7aj2KAzOaLvzCAYNhoFW536uWwbmSz5gSaO5fWETERLFheCOEIiMifGI4GDyGatxRvUJMz0ydp/ZEYYzs9iwQ==",
      "dev": true,
      "requires": {
        "base64-arraybuffer-es6": "0.3.1",
        "typeson": "5.8.2",
        "uuid": "3.2.1",
        "whatwg-url": "6.4.0"
      }
    },
    "uuid": {
      "version": "3.2.1",
      "resolved": "https://registry.npmjs.org/uuid/-/uuid-3.2.1.tgz",
      "integrity": "sha512-jZnMwlb9Iku/O3smGWvZhauCf6cvvpKi4BKRiliS3cxnI+Gz9j5MEpTz2UFuXiKPJocb7gnsLHwiS05ige5BEA==",
      "dev": true
    },
    "webidl-conversions": {
      "version": "4.0.2",
      "resolved": "https://registry.npmjs.org/webidl-conversions/-/webidl-conversions-4.0.2.tgz",
      "integrity": "sha512-YQ+BmxuTgd6UXZW3+ICGfyqRyHXVlD5GtQr5+qjiNW7bF0cqrzX500HVXPBOvgXb5YnzDd+h0zqyv61KUD7+Sg==",
      "dev": true
    },
    "whatwg-url": {
      "version": "6.4.0",
      "resolved": "https://registry.npmjs.org/whatwg-url/-/whatwg-url-6.4.0.tgz",
      "integrity": "sha512-Z0CVh/YE217Foyb488eo+iBv+r7eAQ0wSTyApi9n06jhcA3z6Nidg/EGvl0UFkg7kMdKxfBzzr+o9JF+cevgMg==",
      "dev": true,
      "requires": {
        "lodash.sortby": "^4.7.0",
        "tr46": "^1.0.0",
        "webidl-conversions": "^4.0.1"
      }
    }
  }
}
