{
  "name": "dexie-export-import",
  "version": "1.0.0-alpha.1",
  "lockfileVersion": 1,
  "requires": true,
  "dependencies": {
    "@types/estree": {
      "version": "0.0.39",
      "resolved": "https://registry.npmjs.org/@types/estree/-/estree-0.0.39.tgz",
      "integrity": "sha512-EYNwp3bU+98cpU4lAWYYL7Zz+2gryWH1qbdDTidVd6hkiR6weksdbMadyXKXNPEkQFhXM+hVO9ZygomHXp+AIw==",
      "dev": true
    },
    "@types/node": {
      "version": "10.12.0",
      "resolved": "https://registry.npmjs.org/@types/node/-/node-10.12.0.tgz",
      "integrity": "sha512-3TUHC3jsBAB7qVRGxT6lWyYo2v96BMmD2PTcl47H25Lu7UXtFH/2qqmKiVrnel6Ne//0TFYf6uvNX+HW2FRkLQ==",
      "dev": true
    },
    "base64-arraybuffer-es6": {
      "version": "0.3.1",
      "resolved": "https://registry.npmjs.org/base64-arraybuffer-es6/-/base64-arraybuffer-es6-0.3.1.tgz",
      "integrity": "sha512-TrhBheudYaff9adiTAqjSScjvtmClQ4vF9l4cqkPNkVsA11m4/NRdH4LkZ/tAMmpzzwfI20BXnJ/PTtafECCNA=="
    },
    "clarinet": {
      "version": "0.12.1",
      "resolved": "https://registry.npmjs.org/clarinet/-/clarinet-0.12.1.tgz",
      "integrity": "sha1-Pi4mEsJXPRcrGxcbkvLc7RXJilo="
    },
    "dexie": {
      "version": "3.0.0-alpha.5",
      "resolved": "https://registry.npmjs.org/dexie/-/dexie-3.0.0-alpha.5.tgz",
      "integrity": "sha512-bjMWhBaW0g5LTGWnTJ3WEIC4CCPKL8HXQaG6qX5oLsT3ZdKpxMG6Oyl860jQ5qj4IJuLpXaMYyu8N4d0X/4FpQ=="
    },
    "just-build": {
      "version": "0.9.16",
      "resolved": "https://registry.npmjs.org/just-build/-/just-build-0.9.16.tgz",
      "integrity": "sha1-ja/EFPB3IF0WdXowXsVrocMO0wE=",
      "dev": true
    },
    "lodash.sortby": {
      "version": "4.7.0",
      "resolved": "https://registry.npmjs.org/lodash.sortby/-/lodash.sortby-4.7.0.tgz",
      "integrity": "sha1-7dFMgk4sycHgsKG0K7UhBRakJDg="
    },
    "punycode": {
      "version": "2.1.1",
      "resolved": "https://registry.npmjs.org/punycode/-/punycode-2.1.1.tgz",
      "integrity": "sha512-XRsRjdf+j5ml+y/6GKHPZbrF/8p2Yga0JPtdqTIY2Xe5ohJPD9saDJJLPvp9+NSBprVvevdXZybnj2cv8OEd0A=="
    },
    "rollup": {
      "version": "0.66.6",
      "resolved": "https://registry.npmjs.org/rollup/-/rollup-0.66.6.tgz",
      "integrity": "sha512-J7/SWanrcb83vfIHqa8+aVVGzy457GcjA6GVZEnD0x2u4OnOd0Q1pCrEoNe8yLwM6z6LZP02zBT2uW0yh5TqOw==",
      "dev": true,
      "requires": {
        "@types/estree": "0.0.39",
        "@types/node": "*"
      }
    },
    "tr46": {
      "version": "1.0.1",
      "resolved": "https://registry.npmjs.org/tr46/-/tr46-1.0.1.tgz",
      "integrity": "sha1-qLE/1r/SSJUZZ0zN5VujaTtwbQk=",
      "requires": {
        "punycode": "^2.1.0"
      }
    },
    "typescript": {
      "version": "3.1.3",
      "resolved": "https://registry.npmjs.org/typescript/-/typescript-3.1.3.tgz",
      "integrity": "sha512-+81MUSyX+BaSo+u2RbozuQk/UWx6hfG0a5gHu4ANEM4sU96XbuIyAB+rWBW1u70c6a5QuZfuYICn3s2UjuHUpA==",
      "dev": true
    },
    "typeson": {
      "version": "5.8.2",
      "resolved": "https://registry.npmjs.org/typeson/-/typeson-5.8.2.tgz",
      "integrity": "sha512-AFuyvVdHdkGlVIalOrSFjylmeLeWFtKu77uDjEilP4B9+Jk0DCM1m1A4Q2s3AwROhgiFFVPI8oARaD9S61lOkg=="
    },
    "typeson-registry": {
      "version": "1.0.0-alpha.21",
      "resolved": "https://registry.npmjs.org/typeson-registry/-/typeson-registry-1.0.0-alpha.21.tgz",
      "integrity": "sha512-D7aj2KAzOaLvzCAYNhoFW536uWwbmSz5gSaO5fWETERLFheCOEIiMifGI4GDyGatxRvUJMz0ydp/ZEYYzs9iwQ==",
      "requires": {
        "base64-arraybuffer-es6": "0.3.1",
        "typeson": "5.8.2",
        "uuid": "3.2.1",
        "whatwg-url": "6.4.0"
      }
    },
    "uuid": {
      "version": "3.2.1",
      "resolved": "https://registry.npmjs.org/uuid/-/uuid-3.2.1.tgz",
      "integrity": "sha512-jZnMwlb9Iku/O3smGWvZhauCf6cvvpKi4BKRiliS3cxnI+Gz9j5MEpTz2UFuXiKPJocb7gnsLHwiS05ige5BEA=="
    },
    "webidl-conversions": {
      "version": "4.0.2",
      "resolved": "https://registry.npmjs.org/webidl-conversions/-/webidl-conversions-4.0.2.tgz",
      "integrity": "sha512-YQ+BmxuTgd6UXZW3+ICGfyqRyHXVlD5GtQr5+qjiNW7bF0cqrzX500HVXPBOvgXb5YnzDd+h0zqyv61KUD7+Sg=="
    },
    "whatwg-url": {
      "version": "6.4.0",
      "resolved": "https://registry.npmjs.org/whatwg-url/-/whatwg-url-6.4.0.tgz",
      "integrity": "sha512-Z0CVh/YE217Foyb488eo+iBv+r7eAQ0wSTyApi9n06jhcA3z6Nidg/EGvl0UFkg7kMdKxfBzzr+o9JF+cevgMg==",
      "requires": {
        "lodash.sortby": "^4.7.0",
        "tr46": "^1.0.0",
        "webidl-conversions": "^4.0.1"
      }
    }
  }
}
