{
  "name": "dexie-integration-tests",
  "version": "1.0.0",
  "lockfileVersion": 1,
  "requires": true,
  "dependencies": {
    "dexie-relationships": {
      "version": "1.2.11",
      "resolved": "https://registry.npmjs.org/dexie-relationships/-/dexie-relationships-1.2.11.tgz",
      "integrity": "sha512-dptIUMiCiEPnSPyZno6yOrmFo+xf0Y1PVC4LX2HO/VgPAYIoaf/wMcC7mbna+RMZ6wRIOEb4T+lgR5v21q2EnA=="
    },
    "just-build": {
      "version": "0.9.19",
      "resolved": "https://registry.npmjs.org/just-build/-/just-build-0.9.19.tgz",
      "integrity": "sha512-/hrD+rIEbo2YN7OODlPge58M0YtlJw69/6ScYrMSfO+jFBjsAbBdORK70nzGuawwU7ya3miNTVHvcPksb5vpTw=="
    }
  }
}
