{
  "name": "dexie-paging",
  "version": "1.0.0",
  "lockfileVersion": 2,
  "requires": true,
  "packages": {
    "": {
      "name": "dexie-paging",
      "version": "1.0.0",
      "license": "ISC",
      "dependencies": {
        "dexie": "^3.2.0-rc.1"
      }
    },
    "node_modules/dexie": {
      "version": "3.2.0-rc.1",
      "resolved": "https://registry.npmjs.org/dexie/-/dexie-3.2.0-rc.1.tgz",
      "integrity": "sha512-G8KmAt27MsD8Cdh3lzYUSU0dunBeUPHHsWsG0Ax0BHFozuSeHxMb+D5hnucG34spwAj7qXkupnsF7SDudjrBhw==",
      "engines": {
        "node": ">=6.0"
      }
    }
  },
  "dependencies": {
    "dexie": {
      "version": "3.2.0-rc.1",
      "resolved": "https://registry.npmjs.org/dexie/-/dexie-3.2.0-rc.1.tgz",
      "integrity": "sha512-G8KmAt27MsD8Cdh3lzYUSU0dunBeUPHHsWsG0Ax0BHFozuSeHxMb+D5hnucG34spwAj7qXkupnsF7SDudjrBhw=="
    }
  }
}
